// !$*UTF8*$!
{
	archiveVersion = 1;
	classes = {
	};
	objectVersion = 50;
	objects = {

/* Begin PBXBuildFile section */
		76EB0EF226AA13660044607C /* AppDelegate.swift in Sources */ = {isa = PBXBuildFile; fileRef = 76EB0EF126AA13660044607C /* AppDelegate.swift */; };
		76EB0EF426AA13660044607C /* SceneDelegate.swift in Sources */ = {isa = PBXBuildFile; fileRef = 76EB0EF326AA13660044607C /* SceneDelegate.swift */; };
		76EB0EF626AA13660044607C /* LoginViewController.swift in Sources */ = {isa = PBXBuildFile; fileRef = 76EB0EF526AA13660044607C /* LoginViewController.swift */; };
		76EB0EF926AA13660044607C /* Main.storyboard in Resources */ = {isa = PBXBuildFile; fileRef = 76EB0EF726AA13660044607C /* Main.storyboard */; };
		76EB0EFB26AA13670044607C /* Assets.xcassets in Resources */ = {isa = PBXBuildFile; fileRef = 76EB0EFA26AA13670044607C /* Assets.xcassets */; };
		76EB0EFE26AA13670044607C /* LaunchScreen.storyboard in Resources */ = {isa = PBXBuildFile; fileRef = 76EB0EFC26AA13670044607C /* LaunchScreen.storyboard */; };
		76EB0F0926AA13E60044607C /* RegistrationViewController.swift in Sources */ = {isa = PBXBuildFile; fileRef = 76EB0F0826AA13E60044607C /* RegistrationViewController.swift */; };
/* End PBXBuildFile section */

/* Begin PBXFileReference section */
		76EB0EEE26AA13660044607C /* Pill Reminder.app */ = {isa = PBXFileReference; explicitFileType = wrapper.application; includeInIndex = 0; path = "Pill Reminder.app"; sourceTree = BUILT_PRODUCTS_DIR; };
		76EB0EF126AA13660044607C /* AppDelegate.swift */ = {isa = PBXFileReference; lastKnownFileType = sourcecode.swift; path = AppDelegate.swift; sourceTree = "<group>"; };
		76EB0EF326AA13660044607C /* SceneDelegate.swift */ = {isa = PBXFileReference; lastKnownFileType = sourcecode.swift; path = SceneDelegate.swift; sourceTree = "<group>"; };
		76EB0EF526AA13660044607C /* LoginViewController.swift */ = {isa = PBXFileReference; lastKnownFileType = sourcecode.swift; path = LoginViewController.swift; sourceTree = "<group>"; };
		76EB0EF826AA13660044607C /* Base */ = {isa = PBXFileReference; lastKnownFileType = file.storyboard; name = Base; path = Base.lproj/Main.storyboard; sourceTree = "<group>"; };
		76EB0EFA26AA13670044607C /* Assets.xcassets */ = {isa = PBXFileReference; lastKnownFileType = folder.assetcatalog; path = Assets.xcassets; sourceTree = "<group>"; };
		76EB0EFD26AA13670044607C /* Base */ = {isa = PBXFileReference; lastKnownFileType = file.storyboard; name = Base; path = Base.lproj/LaunchScreen.storyboard; sourceTree = "<group>"; };
		76EB0EFF26AA13670044607C /* Info.plist */ = {isa = PBXFileReference; lastKnownFileType = text.plist.xml; path = Info.plist; sourceTree = "<group>"; };
		76EB0F0826AA13E60044607C /* RegistrationViewController.swift */ = {isa = PBXFileReference; lastKnownFileType = sourcecode.swift; path = RegistrationViewController.swift; sourceTree = "<group>"; };
/* End PBXFileReference section */

/* Begin PBXFrameworksBuildPhase section */
		76EB0EEB26AA13660044607C /* Frameworks */ = {
			isa = PBXFrameworksBuildPhase;
			buildActionMask = 2147483647;
			files = (
			);
			runOnlyForDeploymentPostprocessing = 0;
		};
/* End PBXFrameworksBuildPhase section */

/* Begin PBXGroup section */
		76EB0EE526AA13660044607C = {
			isa = PBXGroup;
			children = (
				76EB0EF026AA13660044607C /* Pill Reminder */,
				76EB0EEF26AA13660044607C /* Products */,
			);
			sourceTree = "<group>";
		};
		76EB0EEF26AA13660044607C /* Products */ = {
			isa = PBXGroup;
			children = (
				76EB0EEE26AA13660044607C /* Pill Reminder.app */,
			);
			name = Products;
			sourceTree = "<group>";
		};
		76EB0EF026AA13660044607C /* Pill Reminder */ = {
			isa = PBXGroup;
			children = (
				76EB0F0526AA13840044607C /* Model */,
				76EB0F0626AA138D0044607C /* View */,
				76EB0F0726AA13950044607C /* Controller */,
				76EB0EF126AA13660044607C /* AppDelegate.swift */,
				76EB0EF326AA13660044607C /* SceneDelegate.swift */,
				76EB0EFA26AA13670044607C /* Assets.xcassets */,
				76EB0EFF26AA13670044607C /* Info.plist */,
			);
			path = "Pill Reminder";
			sourceTree = "<group>";
		};
		76EB0F0526AA13840044607C /* Model */ = {
			isa = PBXGroup;
			children = (
			);
			path = Model;
			sourceTree = "<group>";
		};
		76EB0F0626AA138D0044607C /* View */ = {
			isa = PBXGroup;
			children = (
				76EB0EF726AA13660044607C /* Main.storyboard */,
				76EB0EFC26AA13670044607C /* LaunchScreen.storyboard */,
			);
			path = View;
			sourceTree = "<group>";
		};
		76EB0F0726AA13950044607C /* Controller */ = {
			isa = PBXGroup;
			children = (
				76EB0F0826AA13E60044607C /* RegistrationViewController.swift */,
				76EB0EF526AA13660044607C /* LoginViewController.swift */,
			);
			path = Controller;
			sourceTree = "<group>";
		};
/* End PBXGroup section */

/* Begin PBXNativeTarget section */
		76EB0EED26AA13660044607C /* Pill Reminder */ = {
			isa = PBXNativeTarget;
			buildConfigurationList = 76EB0F0226AA13670044607C /* Build configuration list for PBXNativeTarget "Pill Reminder" */;
			buildPhases = (
				76EB0EEA26AA13660044607C /* Sources */,
				76EB0EEB26AA13660044607C /* Frameworks */,
				76EB0EEC26AA13660044607C /* Resources */,
			);
			buildRules = (
			);
			dependencies = (
			);
			name = "Pill Reminder";
			productName = "Pill Reminder";
			productReference = 76EB0EEE26AA13660044607C /* Pill Reminder.app */;
			productType = "com.apple.product-type.application";
		};
/* End PBXNativeTarget section */

/* Begin PBXProject section */
		76EB0EE626AA13660044607C /* Project object */ = {
			isa = PBXProject;
			attributes = {
				LastSwiftUpdateCheck = 1250;
				LastUpgradeCheck = 1250;
				TargetAttributes = {
					76EB0EED26AA13660044607C = {
						CreatedOnToolsVersion = 12.5.1;
					};
				};
			};
			buildConfigurationList = 76EB0EE926AA13660044607C /* Build configuration list for PBXProject "Pill Reminder" */;
			compatibilityVersion = "Xcode 9.3";
			developmentRegion = en;
			hasScannedForEncodings = 0;
			knownRegions = (
				en,
				Base,
			);
			mainGroup = 76EB0EE526AA13660044607C;
			productRefGroup = 76EB0EEF26AA13660044607C /* Products */;
			projectDirPath = "";
			projectRoot = "";
			targets = (
				76EB0EED26AA13660044607C /* Pill Reminder */,
			);
		};
/* End PBXProject section */

/* Begin PBXResourcesBuildPhase section */
		76EB0EEC26AA13660044607C /* Resources */ = {
			isa = PBXResourcesBuildPhase;
			buildActionMask = 2147483647;
			files = (
				76EB0EFE26AA13670044607C /* LaunchScreen.storyboard in Resources */,
				76EB0EFB26AA13670044607C /* Assets.xcassets in Resources */,
				76EB0EF926AA13660044607C /* Main.storyboard in Resources */,
			);
			runOnlyForDeploymentPostprocessing = 0;
		};
/* End PBXResourcesBuildPhase section */

/* Begin PBXSourcesBuildPhase section */
		76EB0EEA26AA13660044607C /* Sources */ = {
			isa = PBXSourcesBuildPhase;
			buildActionMask = 2147483647;
			files = (
				76EB0EF626AA13660044607C /* LoginViewController.swift in Sources */,
				76EB0EF226AA13660044607C /* AppDelegate.swift in Sources */,
				76EB0F0926AA13E60044607C /* RegistrationViewController.swift in Sources */,
				76EB0EF426AA13660044607C /* SceneDelegate.swift in Sources */,
			);
			runOnlyForDeploymentPostprocessing = 0;
		};
/* End PBXSourcesBuildPhase section */

/* Begin PBXVariantGroup section */
		76EB0EF726AA13660044607C /* Main.storyboard */ = {
			isa = PBXVariantGroup;
			children = (
				76EB0EF826AA13660044607C /* Base */,
			);
			name = Main.storyboard;
			sourceTree = "<group>";
		};
		76EB0EFC26AA13670044607C /* LaunchScreen.storyboard */ = {
			isa = PBXVariantGroup;
			children = (
				76EB0EFD26AA13670044607C /* Base */,
			);
			name = LaunchScreen.storyboard;
			sourceTree = "<group>";
		};
/* End PBXVariantGroup section */

/* Begin XCBuildConfiguration section */
		76EB0F0026AA13670044607C /* Debug */ = {
			isa = XCBuildConfiguration;
			buildSettings = {
				ALWAYS_SEARCH_USER_PATHS = NO;
				CLANG_ANALYZER_NONNULL = YES;
				CLANG_ANALYZER_NUMBER_OBJECT_CONVERSION = YES_AGGRESSIVE;
				CLANG_CXX_LANGUAGE_STANDARD = "gnu++14";
				CLANG_CXX_LIBRARY = "libc++";
				CLANG_ENABLE_MODULES = YES;
				CLANG_ENABLE_OBJC_ARC = YES;
				CLANG_ENABLE_OBJC_WEAK = YES;
				CLANG_WARN_BLOCK_CAPTURE_AUTORELEASING = YES;
				CLANG_WARN_BOOL_CONVERSION = YES;
				CLANG_WARN_COMMA = YES;
				CLANG_WARN_CONSTANT_CONVERSION = YES;
				CLANG_WARN_DEPRECATED_OBJC_IMPLEMENTATIONS = YES;
				CLANG_WARN_DIRECT_OBJC_ISA_USAGE = YES_ERROR;
				CLANG_WARN_DOCUMENTATION_COMMENTS = YES;
				CLANG_WARN_EMPTY_BODY = YES;
				CLANG_WARN_ENUM_CONVERSION = YES;
				CLANG_WARN_INFINITE_RECURSION = YES;
				CLANG_WARN_INT_CONVERSION = YES;
				CLANG_WARN_NON_LITERAL_NULL_CONVERSION = YES;
				CLANG_WARN_OBJC_IMPLICIT_RETAIN_SELF = YES;
				CLANG_WARN_OBJC_LITERAL_CONVERSION = YES;
				CLANG_WARN_OBJC_ROOT_CLASS = YES_ERROR;
				CLANG_WARN_QUOTED_INCLUDE_IN_FRAMEWORK_HEADER = YES;
				CLANG_WARN_RANGE_LOOP_ANALYSIS = YES;
				CLANG_WARN_STRICT_PROTOTYPES = YES;
				CLANG_WARN_SUSPICIOUS_MOVE = YES;
				CLANG_WARN_UNGUARDED_AVAILABILITY = YES_AGGRESSIVE;
				CLANG_WARN_UNREACHABLE_CODE = YES;
				CLANG_WARN__DUPLICATE_METHOD_MATCH = YES;
				COPY_PHASE_STRIP = NO;
				DEBUG_INFORMATION_FORMAT = dwarf;
				ENABLE_STRICT_OBJC_MSGSEND = YES;
				ENABLE_TESTABILITY = YES;
				GCC_C_LANGUAGE_STANDARD = gnu11;
				GCC_DYNAMIC_NO_PIC = NO;
				GCC_NO_COMMON_BLOCKS = YES;
				GCC_OPTIMIZATION_LEVEL = 0;
				GCC_PREPROCESSOR_DEFINITIONS = (
					"DEBUG=1",
					"$(inherited)",
				);
				GCC_WARN_64_TO_32_BIT_CONVERSION = YES;
				GCC_WARN_ABOUT_RETURN_TYPE = YES_ERROR;
				GCC_WARN_UNDECLARED_SELECTOR = YES;
				GCC_WARN_UNINITIALIZED_AUTOS = YES_AGGRESSIVE;
				GCC_WARN_UNUSED_FUNCTION = YES;
				GCC_WARN_UNUSED_VARIABLE = YES;
				IPHONEOS_DEPLOYMENT_TARGET = 14.5;
				MTL_ENABLE_DEBUG_INFO = INCLUDE_SOURCE;
				MTL_FAST_MATH = YES;
				ONLY_ACTIVE_ARCH = YES;
				SDKROOT = iphoneos;
				SWIFT_ACTIVE_COMPILATION_CONDITIONS = DEBUG;
				SWIFT_OPTIMIZATION_LEVEL = "-Onone";
			};
			name = Debug;
		};
		76EB0F0126AA13670044607C /* Release */ = {
			isa = XCBuildConfiguration;
			buildSettings = {
				ALWAYS_SEARCH_USER_PATHS = NO;
				CLANG_ANALYZER_NONNULL = YES;
				CLANG_ANALYZER_NUMBER_OBJECT_CONVERSION = YES_AGGRESSIVE;
				CLANG_CXX_LANGUAGE_STANDARD = "gnu++14";
				CLANG_CXX_LIBRARY = "libc++";
				CLANG_ENABLE_MODULES = YES;
				CLANG_ENABLE_OBJC_ARC = YES;
				CLANG_ENABLE_OBJC_WEAK = YES;
				CLANG_WARN_BLOCK_CAPTURE_AUTORELEASING = YES;
				CLANG_WARN_BOOL_CONVERSION = YES;
				CLANG_WARN_COMMA = YES;
				CLANG_WARN_CONSTANT_CONVERSION = YES;
				CLANG_WARN_DEPRECATED_OBJC_IMPLEMENTATIONS = YES;
				CLANG_WARN_DIRECT_OBJC_ISA_USAGE = YES_ERROR;
				CLANG_WARN_DOCUMENTATION_COMMENTS = YES;
				CLANG_WARN_EMPTY_BODY = YES;
				CLANG_WARN_ENUM_CONVERSION = YES;
				CLANG_WARN_INFINITE_RECURSION = YES;
				CLANG_WARN_INT_CONVERSION = YES;
				CLANG_WARN_NON_LITERAL_NULL_CONVERSION = YES;
				CLANG_WARN_OBJC_IMPLICIT_RETAIN_SELF = YES;
				CLANG_WARN_OBJC_LITERAL_CONVERSION = YES;
				CLANG_WARN_OBJC_ROOT_CLASS = YES_ERROR;
				CLANG_WARN_QUOTED_INCLUDE_IN_FRAMEWORK_HEADER = YES;
				CLANG_WARN_RANGE_LOOP_ANALYSIS = YES;
				CLANG_WARN_STRICT_PROTOTYPES = YES;
				CLANG_WARN_SUSPICIOUS_MOVE = YES;
				CLANG_WARN_UNGUARDED_AVAILABILITY = YES_AGGRESSIVE;
				CLANG_WARN_UNREACHABLE_CODE = YES;
				CLANG_WARN__DUPLICATE_METHOD_MATCH = YES;
				COPY_PHASE_STRIP = NO;
				DEBUG_INFORMATION_FORMAT = "dwarf-with-dsym";
				ENABLE_NS_ASSERTIONS = NO;
				ENABLE_STRICT_OBJC_MSGSEND = YES;
				GCC_C_LANGUAGE_STANDARD = gnu11;
				GCC_NO_COMMON_BLOCKS = YES;
				GCC_WARN_64_TO_32_BIT_CONVERSION = YES;
				GCC_WARN_ABOUT_RETURN_TYPE = YES_ERROR;
				GCC_WARN_UNDECLARED_SELECTOR = YES;
				GCC_WARN_UNINITIALIZED_AUTOS = YES_AGGRESSIVE;
				GCC_WARN_UNUSED_FUNCTION = YES;
				GCC_WARN_UNUSED_VARIABLE = YES;
				IPHONEOS_DEPLOYMENT_TARGET = 14.5;
				MTL_ENABLE_DEBUG_INFO = NO;
				MTL_FAST_MATH = YES;
				SDKROOT = iphoneos;
				SWIFT_COMPILATION_MODE = wholemodule;
				SWIFT_OPTIMIZATION_LEVEL = "-O";
				VALIDATE_PRODUCT = YES;
			};
			name = Release;
		};
		76EB0F0326AA13670044607C /* Debug */ = {
			isa = XCBuildConfiguration;
			buildSettings = {
				ASSETCATALOG_COMPILER_APPICON_NAME = AppIcon;
				ASSETCATALOG_COMPILER_GLOBAL_ACCENT_COLOR_NAME = AccentColor;
				CODE_SIGN_STYLE = Automatic;
				DEVELOPMENT_TEAM = GWYT6568VG;
				INFOPLIST_FILE = "Pill Reminder/Info.plist";
				LD_RUNPATH_SEARCH_PATHS = (
					"$(inherited)",
					"@executable_path/Frameworks",
				);
				PRODUCT_BUNDLE_IDENTIFIER = "vtodorov.Pill-Reminder";
				PRODUCT_NAME = "$(TARGET_NAME)";
				SWIFT_VERSION = 5.0;
				TARGETED_DEVICE_FAMILY = "1,2";
			};
			name = Debug;
		};
		76EB0F0426AA13670044607C /* Release */ = {
			isa = XCBuildConfiguration;
			buildSettings = {
				ASSETCATALOG_COMPILER_APPICON_NAME = AppIcon;
				ASSETCATALOG_COMPILER_GLOBAL_ACCENT_COLOR_NAME = AccentColor;
				CODE_SIGN_STYLE = Automatic;
				DEVELOPMENT_TEAM = GWYT6568VG;
				INFOPLIST_FILE = "Pill Reminder/Info.plist";
				LD_RUNPATH_SEARCH_PATHS = (
					"$(inherited)",
					"@executable_path/Frameworks",
				);
				PRODUCT_BUNDLE_IDENTIFIER = "vtodorov.Pill-Reminder";
				PRODUCT_NAME = "$(TARGET_NAME)";
				SWIFT_VERSION = 5.0;
				TARGETED_DEVICE_FAMILY = "1,2";
			};
			name = Release;
		};
/* End XCBuildConfiguration section */

/* Begin XCConfigurationList section */
		76EB0EE926AA13660044607C /* Build configuration list for PBXProject "Pill Reminder" */ = {
			isa = XCConfigurationList;
			buildConfigurations = (
				76EB0F0026AA13670044607C /* Debug */,
				76EB0F0126AA13670044607C /* Release */,
			);
			defaultConfigurationIsVisible = 0;
			defaultConfigurationName = Release;
		};
		76EB0F0226AA13670044607C /* Build configuration list for PBXNativeTarget "Pill Reminder" */ = {
			isa = XCConfigurationList;
			buildConfigurations = (
				76EB0F0326AA13670044607C /* Debug */,
				76EB0F0426AA13670044607C /* Release */,
			);
			defaultConfigurationIsVisible = 0;
			defaultConfigurationName = Release;
		};
/* End XCConfigurationList section */
	};
	rootObject = 76EB0EE626AA13660044607C /* Project object */;
}
